
Microsoft Visual Studio Solution File, Format Version 12.00
# Visual Studio Version 17
VisualStudioVersion = 17.7.34009.444
MinimumVisualStudioVersion = 10.0.40219.1
Project("{FAE04EC0-301F-11D3-BF4B-00C04F79EFBC}") = "Problem2", "Problem2.csproj", "{45061B74-5711-46A9-98D3-993E6898424A}"
EndProject
Global
	GlobalSection(SolutionConfigurationPlatforms) = preSolution
		Debug|Any CPU = Debug|Any CPU
		Release|Any CPU = Release|Any CPU
	EndGlobalSection
	GlobalSection(ProjectConfigurationPlatforms) = postSolution
		{45061B74-5711-46A9-98D3-993E6898424A}.Debug|Any CPU.ActiveCfg = Debug|Any CPU
		{45061B74-5711-46A9-98D3-993E6898424A}.Debug|Any CPU.Build.0 = Debug|Any CPU
		{45061B74-5711-46A9-98D3-993E6898424A}.Release|Any CPU.ActiveCfg = Release|Any CPU
		{45061B74-5711-46A9-98D3-993E6898424A}.Release|Any CPU.Build.0 = Release|Any CPU
	EndGlobalSection
	GlobalSection(SolutionProperties) = preSolution
		HideSolutionNode = FALSE
	EndGlobalSection
	GlobalSection(ExtensibilityGlobals) = postSolution
		SolutionGuid = {45C5EC1A-43D0-41A8-9F88-FB57468B75C1}
	EndGlobalSection
EndGlobal
